
Microsoft Visual Studio Solution File, Format Version 12.00
# Visual Studio Version 17
VisualStudioVersion = 17.10.35004.147
MinimumVisualStudioVersion = 10.0.40219.1
Project("{9A19103F-16F7-4668-BE54-9A1E7A4F7556}") = "My.CommuniTest", "My.SerialCommuniTest\My.CommuniTest.csproj", "{7704EA85-65AC-4C81-B440-C3BCC1651895}"
EndProject
Project("{FAE04EC0-301F-11D3-BF4B-00C04F79EFBC}") = "SocketServer", "SocketServer\SocketServer.csproj", "{D5C9C88D-6BBA-42E6-B989-3FC0FEAFADBF}"
EndProject
Project("{FAE04EC0-301F-11D3-BF4B-00C04F79EFBC}") = "SocketClient", "SocketClient\SocketClient.csproj", "{392D22DD-33B2-4745-98F0-630ED372E088}"
EndProject
Global
	GlobalSection(SolutionConfigurationPlatforms) = preSolution
		Debug|Any CPU = Debug|Any CPU
		Release|Any CPU = Release|Any CPU
	EndGlobalSection
	GlobalSection(ProjectConfigurationPlatforms) = postSolution
		{7704EA85-65AC-4C81-B440-C3BCC1651895}.Debug|Any CPU.ActiveCfg = Debug|Any CPU
		{7704EA85-65AC-4C81-B440-C3BCC1651895}.Debug|Any CPU.Build.0 = Debug|Any CPU
		{7704EA85-65AC-4C81-B440-C3BCC1651895}.Release|Any CPU.ActiveCfg = Release|Any CPU
		{7704EA85-65AC-4C81-B440-C3BCC1651895}.Release|Any CPU.Build.0 = Release|Any CPU
		{D5C9C88D-6BBA-42E6-B989-3FC0FEAFADBF}.Debug|Any CPU.ActiveCfg = Debug|Any CPU
		{D5C9C88D-6BBA-42E6-B989-3FC0FEAFADBF}.Debug|Any CPU.Build.0 = Debug|Any CPU
		{D5C9C88D-6BBA-42E6-B989-3FC0FEAFADBF}.Release|Any CPU.ActiveCfg = Release|Any CPU
		{D5C9C88D-6BBA-42E6-B989-3FC0FEAFADBF}.Release|Any CPU.Build.0 = Release|Any CPU
		{392D22DD-33B2-4745-98F0-630ED372E088}.Debug|Any CPU.ActiveCfg = Debug|Any CPU
		{392D22DD-33B2-4745-98F0-630ED372E088}.Debug|Any CPU.Build.0 = Debug|Any CPU
		{392D22DD-33B2-4745-98F0-630ED372E088}.Release|Any CPU.ActiveCfg = Release|Any CPU
		{392D22DD-33B2-4745-98F0-630ED372E088}.Release|Any CPU.Build.0 = Release|Any CPU
	EndGlobalSection
	GlobalSection(SolutionProperties) = preSolution
		HideSolutionNode = FALSE
	EndGlobalSection
	GlobalSection(ExtensibilityGlobals) = postSolution
		SolutionGuid = {3E7B4B0F-327D-43E9-BFB4-E9D036C25B23}
	EndGlobalSection
EndGlobal
