
Microsoft Visual Studio Solution File, Format Version 12.00
# Visual Studio Version 17
VisualStudioVersion = 17.14.37203.1
MinimumVisualStudioVersion = 10.0.40219.1
Project("{2150E333-8FDC-42A3-9474-1A3956D46DE8}") = "01.项目起始", "01.项目起始", "{02EA681E-C7D8-13C7-8484-4AC65E1B71E8}"
EndProject
Project("{2150E333-8FDC-42A3-9474-1A3956D46DE8}") = "02.业务模块", "02.业务模块", "{369CB01D-A1A7-72D2-AABC-3F0945D148A2}"
EndProject
Project("{2150E333-8FDC-42A3-9474-1A3956D46DE8}") = "03.业务逻辑层", "03.业务逻辑层", "{7DC331D0-3EC4-40A6-69FB-1CBEB2E0D1EA}"
EndProject
Project("{2150E333-8FDC-42A3-9474-1A3956D46DE8}") = "04.数据访问层", "04.数据访问层", "{643747C7-0307-8931-84D8-A7D1915E22E5}"
EndProject
Project("{2150E333-8FDC-42A3-9474-1A3956D46DE8}") = "05.公共资源", "05.公共资源", "{BF1B641C-3386-421B-8F64-312D93B51A81}"
EndProject
Project("{FAE04EC0-301F-11D3-BF4B-00C04F79EFBC}") = "Myself.PMS.Client.Start", "Myself.PMS.Client.Start\Myself.PMS.Client.Start.csproj", "{82219B2B-84EF-4982-8ED7-AE5E5C84AD46}"
EndProject
Project("{FAE04EC0-301F-11D3-BF4B-00C04F79EFBC}") = "Myself.PMS.Client.FileModule", "Myself.PMS.Client.FileModule\Myself.PMS.Client.FileModule.csproj", "{7984AD42-A6B6-408B-81F1-E8A488BB2AFE}"
EndProject
Project("{FAE04EC0-301F-11D3-BF4B-00C04F79EFBC}") = "Myself.PMS.Client.BLL", "Myself.PMS.Client.BLL\Myself.PMS.Client.BLL.csproj", "{980E9F5D-2EA3-47CD-8705-897A3DF6978D}"
EndProject
Project("{FAE04EC0-301F-11D3-BF4B-00C04F79EFBC}") = "Myself.PMS.Client.IBLL", "Myself.PMS.Client.IBLL\Myself.PMS.Client.IBLL.csproj", "{A5505526-2C80-4269-A4A3-C75EFFD7E2D7}"
EndProject
Project("{FAE04EC0-301F-11D3-BF4B-00C04F79EFBC}") = "Myself.PMS.Client.DAL", "Myself.PMS.Client.DAL\Myself.PMS.Client.DAL.csproj", "{3582602E-0E42-4634-A21B-4912F7E0D2AC}"
EndProject
Project("{FAE04EC0-301F-11D3-BF4B-00C04F79EFBC}") = "Myself.PMS.Client.IDAL", "Myself.PMS.Client.IDAL\Myself.PMS.Client.IDAL.csproj", "{4B91653D-9893-482C-8F88-27047DF7AE76}"
EndProject
Project("{FAE04EC0-301F-11D3-BF4B-00C04F79EFBC}") = "Myself.PMS.Client.Assets", "Myself.PMS.Client.Assets\Myself.PMS.Client.Assets.csproj", "{70C35310-5F77-472A-92B3-BD96D8984EFF}"
EndProject
Project("{FAE04EC0-301F-11D3-BF4B-00C04F79EFBC}") = "Myself.PMS.Client.Entities", "Myself.PMS.Client.Entities\Myself.PMS.Client.Entities.csproj", "{CEB5A52F-8A9C-48F6-A4A5-4E6D47F224A4}"
EndProject
Project("{FAE04EC0-301F-11D3-BF4B-00C04F79EFBC}") = "Myself.PMS.Client.Upgrade", "Myself.PMS.Client.Upgrade\Myself.PMS.Client.Upgrade.csproj", "{916E0A1C-7AAF-4E41-979B-13744DB3C293}"
EndProject
Project("{FAE04EC0-301F-11D3-BF4B-00C04F79EFBC}") = "Myself.PMS.Client.Utils", "Myself.PMS.Client.Utils\Myself.PMS.Client.Utils.csproj", "{8D548B57-C375-442A-90B0-EF44F97AD010}"
EndProject
Project("{FAE04EC0-301F-11D3-BF4B-00C04F79EFBC}") = "Myself.PMS.Client.MainModule", "Myself.PMS.Client.MainModule\Myself.PMS.Client.MainModule.csproj", "{DB365274-548D-4764-B265-F4F5E59D4BEE}"
EndProject
Project("{FAE04EC0-301F-11D3-BF4B-00C04F79EFBC}") = "Myself.PMS.Client.SystemModule", "Myself.PMS.Client.SystemModule\Myself.PMS.Client.SystemModule.csproj", "{DB6636B5-281C-45BE-A71E-12E97D4B8BFF}"
EndProject
Project("{FAE04EC0-301F-11D3-BF4B-00C04F79EFBC}") = "Myself.PMS.Client.Common", "Myself.PMS.Client.Common\Myself.PMS.Client.Common.csproj", "{E2A23133-50B5-41C3-A638-9F3AA0892F33}"
EndProject
Project("{FAE04EC0-301F-11D3-BF4B-00C04F79EFBC}") = "Myself.PMS.Client.Controls", "Myself.PMS.Client.Controls\Myself.PMS.Client.Controls.csproj", "{FF9CAEA7-FE17-435F-ABC3-F6F60D3E1E41}"
EndProject
Project("{FAE04EC0-301F-11D3-BF4B-00C04F79EFBC}") = "Myself.PMS.Client.PropertyModule", "Myself.PMS.Client.PropertyModule\Myself.PMS.Client.PropertyModule.csproj", "{D6FE4429-F11F-4385-AE2E-6A0466951ED5}"
EndProject
Global
	GlobalSection(SolutionConfigurationPlatforms) = preSolution
		Debug|Any CPU = Debug|Any CPU
		Release|Any CPU = Release|Any CPU
	EndGlobalSection
	GlobalSection(ProjectConfigurationPlatforms) = postSolution
		{82219B2B-84EF-4982-8ED7-AE5E5C84AD46}.Debug|Any CPU.ActiveCfg = Debug|Any CPU
		{82219B2B-84EF-4982-8ED7-AE5E5C84AD46}.Debug|Any CPU.Build.0 = Debug|Any CPU
		{82219B2B-84EF-4982-8ED7-AE5E5C84AD46}.Release|Any CPU.ActiveCfg = Release|Any CPU
		{82219B2B-84EF-4982-8ED7-AE5E5C84AD46}.Release|Any CPU.Build.0 = Release|Any CPU
		{7984AD42-A6B6-408B-81F1-E8A488BB2AFE}.Debug|Any CPU.ActiveCfg = Debug|Any CPU
		{7984AD42-A6B6-408B-81F1-E8A488BB2AFE}.Debug|Any CPU.Build.0 = Debug|Any CPU
		{7984AD42-A6B6-408B-81F1-E8A488BB2AFE}.Release|Any CPU.ActiveCfg = Release|Any CPU
		{7984AD42-A6B6-408B-81F1-E8A488BB2AFE}.Release|Any CPU.Build.0 = Release|Any CPU
		{980E9F5D-2EA3-47CD-8705-897A3DF6978D}.Debug|Any CPU.ActiveCfg = Debug|Any CPU
		{980E9F5D-2EA3-47CD-8705-897A3DF6978D}.Debug|Any CPU.Build.0 = Debug|Any CPU
		{980E9F5D-2EA3-47CD-8705-897A3DF6978D}.Release|Any CPU.ActiveCfg = Release|Any CPU
		{980E9F5D-2EA3-47CD-8705-897A3DF6978D}.Release|Any CPU.Build.0 = Release|Any CPU
		{A5505526-2C80-4269-A4A3-C75EFFD7E2D7}.Debug|Any CPU.ActiveCfg = Debug|Any CPU
		{A5505526-2C80-4269-A4A3-C75EFFD7E2D7}.Debug|Any CPU.Build.0 = Debug|Any CPU
		{A5505526-2C80-4269-A4A3-C75EFFD7E2D7}.Release|Any CPU.ActiveCfg = Release|Any CPU
		{A5505526-2C80-4269-A4A3-C75EFFD7E2D7}.Release|Any CPU.Build.0 = Release|Any CPU
		{3582602E-0E42-4634-A21B-4912F7E0D2AC}.Debug|Any CPU.ActiveCfg = Debug|Any CPU
		{3582602E-0E42-4634-A21B-4912F7E0D2AC}.Debug|Any CPU.Build.0 = Debug|Any CPU
		{3582602E-0E42-4634-A21B-4912F7E0D2AC}.Release|Any CPU.ActiveCfg = Release|Any CPU
		{3582602E-0E42-4634-A21B-4912F7E0D2AC}.Release|Any CPU.Build.0 = Release|Any CPU
		{4B91653D-9893-482C-8F88-27047DF7AE76}.Debug|Any CPU.ActiveCfg = Debug|Any CPU
		{4B91653D-9893-482C-8F88-27047DF7AE76}.Debug|Any CPU.Build.0 = Debug|Any CPU
		{4B91653D-9893-482C-8F88-27047DF7AE76}.Release|Any CPU.ActiveCfg = Release|Any CPU
		{4B91653D-9893-482C-8F88-27047DF7AE76}.Release|Any CPU.Build.0 = Release|Any CPU
		{70C35310-5F77-472A-92B3-BD96D8984EFF}.Debug|Any CPU.ActiveCfg = Debug|Any CPU
		{70C35310-5F77-472A-92B3-BD96D8984EFF}.Debug|Any CPU.Build.0 = Debug|Any CPU
		{70C35310-5F77-472A-92B3-BD96D8984EFF}.Release|Any CPU.ActiveCfg = Release|Any CPU
		{70C35310-5F77-472A-92B3-BD96D8984EFF}.Release|Any CPU.Build.0 = Release|Any CPU
		{CEB5A52F-8A9C-48F6-A4A5-4E6D47F224A4}.Debug|Any CPU.ActiveCfg = Debug|Any CPU
		{CEB5A52F-8A9C-48F6-A4A5-4E6D47F224A4}.Debug|Any CPU.Build.0 = Debug|Any CPU
		{CEB5A52F-8A9C-48F6-A4A5-4E6D47F224A4}.Release|Any CPU.ActiveCfg = Release|Any CPU
		{CEB5A52F-8A9C-48F6-A4A5-4E6D47F224A4}.Release|Any CPU.Build.0 = Release|Any CPU
		{916E0A1C-7AAF-4E41-979B-13744DB3C293}.Debug|Any CPU.ActiveCfg = Debug|Any CPU
		{916E0A1C-7AAF-4E41-979B-13744DB3C293}.Debug|Any CPU.Build.0 = Debug|Any CPU
		{916E0A1C-7AAF-4E41-979B-13744DB3C293}.Release|Any CPU.ActiveCfg = Release|Any CPU
		{916E0A1C-7AAF-4E41-979B-13744DB3C293}.Release|Any CPU.Build.0 = Release|Any CPU
		{8D548B57-C375-442A-90B0-EF44F97AD010}.Debug|Any CPU.ActiveCfg = Debug|Any CPU
		{8D548B57-C375-442A-90B0-EF44F97AD010}.Debug|Any CPU.Build.0 = Debug|Any CPU
		{8D548B57-C375-442A-90B0-EF44F97AD010}.Release|Any CPU.ActiveCfg = Release|Any CPU
		{8D548B57-C375-442A-90B0-EF44F97AD010}.Release|Any CPU.Build.0 = Release|Any CPU
		{DB365274-548D-4764-B265-F4F5E59D4BEE}.Debug|Any CPU.ActiveCfg = Debug|Any CPU
		{DB365274-548D-4764-B265-F4F5E59D4BEE}.Debug|Any CPU.Build.0 = Debug|Any CPU
		{DB365274-548D-4764-B265-F4F5E59D4BEE}.Release|Any CPU.ActiveCfg = Release|Any CPU
		{DB365274-548D-4764-B265-F4F5E59D4BEE}.Release|Any CPU.Build.0 = Release|Any CPU
		{DB6636B5-281C-45BE-A71E-12E97D4B8BFF}.Debug|Any CPU.ActiveCfg = Debug|Any CPU
		{DB6636B5-281C-45BE-A71E-12E97D4B8BFF}.Debug|Any CPU.Build.0 = Debug|Any CPU
		{DB6636B5-281C-45BE-A71E-12E97D4B8BFF}.Release|Any CPU.ActiveCfg = Release|Any CPU
		{DB6636B5-281C-45BE-A71E-12E97D4B8BFF}.Release|Any CPU.Build.0 = Release|Any CPU
		{E2A23133-50B5-41C3-A638-9F3AA0892F33}.Debug|Any CPU.ActiveCfg = Debug|Any CPU
		{E2A23133-50B5-41C3-A638-9F3AA0892F33}.Debug|Any CPU.Build.0 = Debug|Any CPU
		{E2A23133-50B5-41C3-A638-9F3AA0892F33}.Release|Any CPU.ActiveCfg = Release|Any CPU
		{E2A23133-50B5-41C3-A638-9F3AA0892F33}.Release|Any CPU.Build.0 = Release|Any CPU
		{FF9CAEA7-FE17-435F-ABC3-F6F60D3E1E41}.Debug|Any CPU.ActiveCfg = Debug|Any CPU
		{FF9CAEA7-FE17-435F-ABC3-F6F60D3E1E41}.Debug|Any CPU.Build.0 = Debug|Any CPU
		{FF9CAEA7-FE17-435F-ABC3-F6F60D3E1E41}.Release|Any CPU.ActiveCfg = Release|Any CPU
		{FF9CAEA7-FE17-435F-ABC3-F6F60D3E1E41}.Release|Any CPU.Build.0 = Release|Any CPU
		{D6FE4429-F11F-4385-AE2E-6A0466951ED5}.Debug|Any CPU.ActiveCfg = Debug|Any CPU
		{D6FE4429-F11F-4385-AE2E-6A0466951ED5}.Debug|Any CPU.Build.0 = Debug|Any CPU
		{D6FE4429-F11F-4385-AE2E-6A0466951ED5}.Release|Any CPU.ActiveCfg = Release|Any CPU
		{D6FE4429-F11F-4385-AE2E-6A0466951ED5}.Release|Any CPU.Build.0 = Release|Any CPU
	EndGlobalSection
	GlobalSection(SolutionProperties) = preSolution
		HideSolutionNode = FALSE
	EndGlobalSection
	GlobalSection(NestedProjects) = preSolution
		{82219B2B-84EF-4982-8ED7-AE5E5C84AD46} = {02EA681E-C7D8-13C7-8484-4AC65E1B71E8}
		{7984AD42-A6B6-408B-81F1-E8A488BB2AFE} = {369CB01D-A1A7-72D2-AABC-3F0945D148A2}
		{980E9F5D-2EA3-47CD-8705-897A3DF6978D} = {7DC331D0-3EC4-40A6-69FB-1CBEB2E0D1EA}
		{A5505526-2C80-4269-A4A3-C75EFFD7E2D7} = {7DC331D0-3EC4-40A6-69FB-1CBEB2E0D1EA}
		{3582602E-0E42-4634-A21B-4912F7E0D2AC} = {643747C7-0307-8931-84D8-A7D1915E22E5}
		{4B91653D-9893-482C-8F88-27047DF7AE76} = {643747C7-0307-8931-84D8-A7D1915E22E5}
		{70C35310-5F77-472A-92B3-BD96D8984EFF} = {BF1B641C-3386-421B-8F64-312D93B51A81}
		{CEB5A52F-8A9C-48F6-A4A5-4E6D47F224A4} = {BF1B641C-3386-421B-8F64-312D93B51A81}
		{916E0A1C-7AAF-4E41-979B-13744DB3C293} = {02EA681E-C7D8-13C7-8484-4AC65E1B71E8}
		{8D548B57-C375-442A-90B0-EF44F97AD010} = {BF1B641C-3386-421B-8F64-312D93B51A81}
		{DB365274-548D-4764-B265-F4F5E59D4BEE} = {369CB01D-A1A7-72D2-AABC-3F0945D148A2}
		{DB6636B5-281C-45BE-A71E-12E97D4B8BFF} = {369CB01D-A1A7-72D2-AABC-3F0945D148A2}
		{E2A23133-50B5-41C3-A638-9F3AA0892F33} = {BF1B641C-3386-421B-8F64-312D93B51A81}
		{FF9CAEA7-FE17-435F-ABC3-F6F60D3E1E41} = {BF1B641C-3386-421B-8F64-312D93B51A81}
		{D6FE4429-F11F-4385-AE2E-6A0466951ED5} = {369CB01D-A1A7-72D2-AABC-3F0945D148A2}
	EndGlobalSection
	GlobalSection(ExtensibilityGlobals) = postSolution
		SolutionGuid = {C08719B3-A2D1-4EF7-978C-2F7A43802004}
	EndGlobalSection
EndGlobal
