
Microsoft Visual Studio Solution File, Format Version 12.00
# Visual Studio Version 17
VisualStudioVersion = 17.14.37203.1 d17.14
MinimumVisualStudioVersion = 10.0.40219.1
Project("{FAE04EC0-301F-11D3-BF4B-00C04F79EFBC}") = "Mysefl.SmartParking.Simulation", "Mysefl.SmartParking.Simulation\Mysefl.SmartParking.Simulation.csproj", "{3C91CFCB-03D1-47A7-B0D2-367D3BB1034D}"
EndProject
Global
	GlobalSection(SolutionConfigurationPlatforms) = preSolution
		Debug|Any CPU = Debug|Any CPU
		Release|Any CPU = Release|Any CPU
	EndGlobalSection
	GlobalSection(ProjectConfigurationPlatforms) = postSolution
		{3C91CFCB-03D1-47A7-B0D2-367D3BB1034D}.Debug|Any CPU.ActiveCfg = Debug|Any CPU
		{3C91CFCB-03D1-47A7-B0D2-367D3BB1034D}.Debug|Any CPU.Build.0 = Debug|Any CPU
		{3C91CFCB-03D1-47A7-B0D2-367D3BB1034D}.Release|Any CPU.ActiveCfg = Release|Any CPU
		{3C91CFCB-03D1-47A7-B0D2-367D3BB1034D}.Release|Any CPU.Build.0 = Release|Any CPU
	EndGlobalSection
	GlobalSection(SolutionProperties) = preSolution
		HideSolutionNode = FALSE
	EndGlobalSection
	GlobalSection(ExtensibilityGlobals) = postSolution
		SolutionGuid = {E19CD0C9-CADA-4D2D-8468-2828565016BC}
	EndGlobalSection
EndGlobal
